
Microsoft Visual Studio Solution File, Format Version 12.00
# Visual Studio 15
VisualStudioVersion = 15.0.28010.2016
MinimumVisualStudioVersion = 10.0.40219.1
Project("{8BC9CEB8-8B4A-11D0-8D11-00A0C91BC942}") = "실습11", "실습11\실습11.vcxproj", "{6F8FBC8C-5CAF-44C3-B410-CDF2E95E3D72}"
EndProject
Project("{8BC9CEB8-8B4A-11D0-8D11-00A0C91BC942}") = "실습12", "실습12\실습12.vcxproj", "{03FDF8D5-823C-46C0-9799-1129DE59EB73}"
EndProject
Project("{8BC9CEB8-8B4A-11D0-8D11-00A0C91BC942}") = "실습13", "실습13\실습13.vcxproj", "{9EAB9E4F-8BE1-4E4D-995C-7CC6C9CE46BB}"
EndProject
Project("{8BC9CEB8-8B4A-11D0-8D11-00A0C91BC942}") = "실습14", "실습14\실습14.vcxproj", "{5520036C-CD28-4844-9560-3C49421810A9}"
EndProject
Global
	GlobalSection(SolutionConfigurationPlatforms) = preSolution
		Debug|x64 = Debug|x64
		Debug|x86 = Debug|x86
		Release|x64 = Release|x64
		Release|x86 = Release|x86
	EndGlobalSection
	GlobalSection(ProjectConfigurationPlatforms) = postSolution
		{6F8FBC8C-5CAF-44C3-B410-CDF2E95E3D72}.Debug|x64.ActiveCfg = Debug|x64
		{6F8FBC8C-5CAF-44C3-B410-CDF2E95E3D72}.Debug|x64.Build.0 = Debug|x64
		{6F8FBC8C-5CAF-44C3-B410-CDF2E95E3D72}.Debug|x86.ActiveCfg = Debug|Win32
		{6F8FBC8C-5CAF-44C3-B410-CDF2E95E3D72}.Debug|x86.Build.0 = Debug|Win32
		{6F8FBC8C-5CAF-44C3-B410-CDF2E95E3D72}.Release|x64.ActiveCfg = Release|x64
		{6F8FBC8C-5CAF-44C3-B410-CDF2E95E3D72}.Release|x64.Build.0 = Release|x64
		{6F8FBC8C-5CAF-44C3-B410-CDF2E95E3D72}.Release|x86.ActiveCfg = Release|Win32
		{6F8FBC8C-5CAF-44C3-B410-CDF2E95E3D72}.Release|x86.Build.0 = Release|Win32
		{03FDF8D5-823C-46C0-9799-1129DE59EB73}.Debug|x64.ActiveCfg = Debug|x64
		{03FDF8D5-823C-46C0-9799-1129DE59EB73}.Debug|x64.Build.0 = Debug|x64
		{03FDF8D5-823C-46C0-9799-1129DE59EB73}.Debug|x86.ActiveCfg = Debug|Win32
		{03FDF8D5-823C-46C0-9799-1129DE59EB73}.Debug|x86.Build.0 = Debug|Win32
		{03FDF8D5-823C-46C0-9799-1129DE59EB73}.Release|x64.ActiveCfg = Release|x64
		{03FDF8D5-823C-46C0-9799-1129DE59EB73}.Release|x64.Build.0 = Release|x64
		{03FDF8D5-823C-46C0-9799-1129DE59EB73}.Release|x86.ActiveCfg = Release|Win32
		{03FDF8D5-823C-46C0-9799-1129DE59EB73}.Release|x86.Build.0 = Release|Win32
		{9EAB9E4F-8BE1-4E4D-995C-7CC6C9CE46BB}.Debug|x64.ActiveCfg = Debug|x64
		{9EAB9E4F-8BE1-4E4D-995C-7CC6C9CE46BB}.Debug|x64.Build.0 = Debug|x64
		{9EAB9E4F-8BE1-4E4D-995C-7CC6C9CE46BB}.Debug|x86.ActiveCfg = Debug|Win32
		{9EAB9E4F-8BE1-4E4D-995C-7CC6C9CE46BB}.Debug|x86.Build.0 = Debug|Win32
		{9EAB9E4F-8BE1-4E4D-995C-7CC6C9CE46BB}.Release|x64.ActiveCfg = Release|x64
		{9EAB9E4F-8BE1-4E4D-995C-7CC6C9CE46BB}.Release|x64.Build.0 = Release|x64
		{9EAB9E4F-8BE1-4E4D-995C-7CC6C9CE46BB}.Release|x86.ActiveCfg = Release|Win32
		{9EAB9E4F-8BE1-4E4D-995C-7CC6C9CE46BB}.Release|x86.Build.0 = Release|Win32
		{5520036C-CD28-4844-9560-3C49421810A9}.Debug|x64.ActiveCfg = Debug|x64
		{5520036C-CD28-4844-9560-3C49421810A9}.Debug|x64.Build.0 = Debug|x64
		{5520036C-CD28-4844-9560-3C49421810A9}.Debug|x86.ActiveCfg = Debug|Win32
		{5520036C-CD28-4844-9560-3C49421810A9}.Debug|x86.Build.0 = Debug|Win32
		{5520036C-CD28-4844-9560-3C49421810A9}.Release|x64.ActiveCfg = Release|x64
		{5520036C-CD28-4844-9560-3C49421810A9}.Release|x64.Build.0 = Release|x64
		{5520036C-CD28-4844-9560-3C49421810A9}.Release|x86.ActiveCfg = Release|Win32
		{5520036C-CD28-4844-9560-3C49421810A9}.Release|x86.Build.0 = Release|Win32
	EndGlobalSection
	GlobalSection(SolutionProperties) = preSolution
		HideSolutionNode = FALSE
	EndGlobalSection
	GlobalSection(ExtensibilityGlobals) = postSolution
		SolutionGuid = {F28CF760-A0B8-467D-AA60-2C85E183AFB8}
	EndGlobalSection
EndGlobal
