
Microsoft Visual Studio Solution File, Format Version 12.00
# Visual Studio 15
VisualStudioVersion = 15.0.27703.2047
MinimumVisualStudioVersion = 10.0.40219.1
Project("{8BC9CEB8-8B4A-11D0-8D11-00A0C91BC942}") = "실습35", "실습35\실습35.vcxproj", "{BA4F70DB-D11F-449A-90DC-CCA9EDEA55EE}"
EndProject
Project("{8BC9CEB8-8B4A-11D0-8D11-00A0C91BC942}") = "실습36", "실습36\실습36.vcxproj", "{D693A645-8EA9-4A4A-A1AD-E6660397CDD9}"
EndProject
Project("{8BC9CEB8-8B4A-11D0-8D11-00A0C91BC942}") = "실습37", "실습37\실습37.vcxproj", "{90D4CB91-1DB2-405F-810F-6F98C25B4A72}"
EndProject
Project("{8BC9CEB8-8B4A-11D0-8D11-00A0C91BC942}") = "실습38", "실습38\실습38.vcxproj", "{03AD8314-0B25-4EAF-AEE2-F4D2A1B54FE0}"
EndProject
Project("{8BC9CEB8-8B4A-11D0-8D11-00A0C91BC942}") = "실습39", "실습39\실습39.vcxproj", "{CB926869-EDC5-4C35-A491-11432FDFEF88}"
EndProject
Project("{8BC9CEB8-8B4A-11D0-8D11-00A0C91BC942}") = "실습40", "실습40\실습40.vcxproj", "{99FD46AA-B4BC-49AA-A5CB-C20F4B8A9B0C}"
EndProject
Global
	GlobalSection(SolutionConfigurationPlatforms) = preSolution
		Debug|x64 = Debug|x64
		Debug|x86 = Debug|x86
		Release|x64 = Release|x64
		Release|x86 = Release|x86
	EndGlobalSection
	GlobalSection(ProjectConfigurationPlatforms) = postSolution
		{BA4F70DB-D11F-449A-90DC-CCA9EDEA55EE}.Debug|x64.ActiveCfg = Debug|x64
		{BA4F70DB-D11F-449A-90DC-CCA9EDEA55EE}.Debug|x64.Build.0 = Debug|x64
		{BA4F70DB-D11F-449A-90DC-CCA9EDEA55EE}.Debug|x86.ActiveCfg = Debug|Win32
		{BA4F70DB-D11F-449A-90DC-CCA9EDEA55EE}.Debug|x86.Build.0 = Debug|Win32
		{BA4F70DB-D11F-449A-90DC-CCA9EDEA55EE}.Release|x64.ActiveCfg = Release|x64
		{BA4F70DB-D11F-449A-90DC-CCA9EDEA55EE}.Release|x64.Build.0 = Release|x64
		{BA4F70DB-D11F-449A-90DC-CCA9EDEA55EE}.Release|x86.ActiveCfg = Release|Win32
		{BA4F70DB-D11F-449A-90DC-CCA9EDEA55EE}.Release|x86.Build.0 = Release|Win32
		{D693A645-8EA9-4A4A-A1AD-E6660397CDD9}.Debug|x64.ActiveCfg = Debug|x64
		{D693A645-8EA9-4A4A-A1AD-E6660397CDD9}.Debug|x64.Build.0 = Debug|x64
		{D693A645-8EA9-4A4A-A1AD-E6660397CDD9}.Debug|x86.ActiveCfg = Debug|Win32
		{D693A645-8EA9-4A4A-A1AD-E6660397CDD9}.Debug|x86.Build.0 = Debug|Win32
		{D693A645-8EA9-4A4A-A1AD-E6660397CDD9}.Release|x64.ActiveCfg = Release|x64
		{D693A645-8EA9-4A4A-A1AD-E6660397CDD9}.Release|x64.Build.0 = Release|x64
		{D693A645-8EA9-4A4A-A1AD-E6660397CDD9}.Release|x86.ActiveCfg = Release|Win32
		{D693A645-8EA9-4A4A-A1AD-E6660397CDD9}.Release|x86.Build.0 = Release|Win32
		{90D4CB91-1DB2-405F-810F-6F98C25B4A72}.Debug|x64.ActiveCfg = Debug|x64
		{90D4CB91-1DB2-405F-810F-6F98C25B4A72}.Debug|x64.Build.0 = Debug|x64
		{90D4CB91-1DB2-405F-810F-6F98C25B4A72}.Debug|x86.ActiveCfg = Debug|Win32
		{90D4CB91-1DB2-405F-810F-6F98C25B4A72}.Debug|x86.Build.0 = Debug|Win32
		{90D4CB91-1DB2-405F-810F-6F98C25B4A72}.Release|x64.ActiveCfg = Release|x64
		{90D4CB91-1DB2-405F-810F-6F98C25B4A72}.Release|x64.Build.0 = Release|x64
		{90D4CB91-1DB2-405F-810F-6F98C25B4A72}.Release|x86.ActiveCfg = Release|Win32
		{90D4CB91-1DB2-405F-810F-6F98C25B4A72}.Release|x86.Build.0 = Release|Win32
		{03AD8314-0B25-4EAF-AEE2-F4D2A1B54FE0}.Debug|x64.ActiveCfg = Debug|x64
		{03AD8314-0B25-4EAF-AEE2-F4D2A1B54FE0}.Debug|x64.Build.0 = Debug|x64
		{03AD8314-0B25-4EAF-AEE2-F4D2A1B54FE0}.Debug|x86.ActiveCfg = Debug|Win32
		{03AD8314-0B25-4EAF-AEE2-F4D2A1B54FE0}.Debug|x86.Build.0 = Debug|Win32
		{03AD8314-0B25-4EAF-AEE2-F4D2A1B54FE0}.Release|x64.ActiveCfg = Release|x64
		{03AD8314-0B25-4EAF-AEE2-F4D2A1B54FE0}.Release|x64.Build.0 = Release|x64
		{03AD8314-0B25-4EAF-AEE2-F4D2A1B54FE0}.Release|x86.ActiveCfg = Release|Win32
		{03AD8314-0B25-4EAF-AEE2-F4D2A1B54FE0}.Release|x86.Build.0 = Release|Win32
		{CB926869-EDC5-4C35-A491-11432FDFEF88}.Debug|x64.ActiveCfg = Debug|x64
		{CB926869-EDC5-4C35-A491-11432FDFEF88}.Debug|x64.Build.0 = Debug|x64
		{CB926869-EDC5-4C35-A491-11432FDFEF88}.Debug|x86.ActiveCfg = Debug|Win32
		{CB926869-EDC5-4C35-A491-11432FDFEF88}.Debug|x86.Build.0 = Debug|Win32
		{CB926869-EDC5-4C35-A491-11432FDFEF88}.Release|x64.ActiveCfg = Release|x64
		{CB926869-EDC5-4C35-A491-11432FDFEF88}.Release|x64.Build.0 = Release|x64
		{CB926869-EDC5-4C35-A491-11432FDFEF88}.Release|x86.ActiveCfg = Release|Win32
		{CB926869-EDC5-4C35-A491-11432FDFEF88}.Release|x86.Build.0 = Release|Win32
		{99FD46AA-B4BC-49AA-A5CB-C20F4B8A9B0C}.Debug|x64.ActiveCfg = Debug|x64
		{99FD46AA-B4BC-49AA-A5CB-C20F4B8A9B0C}.Debug|x64.Build.0 = Debug|x64
		{99FD46AA-B4BC-49AA-A5CB-C20F4B8A9B0C}.Debug|x86.ActiveCfg = Debug|Win32
		{99FD46AA-B4BC-49AA-A5CB-C20F4B8A9B0C}.Debug|x86.Build.0 = Debug|Win32
		{99FD46AA-B4BC-49AA-A5CB-C20F4B8A9B0C}.Release|x64.ActiveCfg = Release|x64
		{99FD46AA-B4BC-49AA-A5CB-C20F4B8A9B0C}.Release|x64.Build.0 = Release|x64
		{99FD46AA-B4BC-49AA-A5CB-C20F4B8A9B0C}.Release|x86.ActiveCfg = Release|Win32
		{99FD46AA-B4BC-49AA-A5CB-C20F4B8A9B0C}.Release|x86.Build.0 = Release|Win32
	EndGlobalSection
	GlobalSection(SolutionProperties) = preSolution
		HideSolutionNode = FALSE
	EndGlobalSection
	GlobalSection(ExtensibilityGlobals) = postSolution
		SolutionGuid = {0463D581-FFEA-4FAC-B1E5-54FF48E9F16B}
	EndGlobalSection
EndGlobal
