
Microsoft Visual Studio Solution File, Format Version 12.00
# Visual Studio 15
VisualStudioVersion = 15.0.27703.2047
MinimumVisualStudioVersion = 10.0.40219.1
Project("{8BC9CEB8-8B4A-11D0-8D11-00A0C91BC942}") = "실습 01", "Project1\Project1.vcxproj", "{81A2D4C6-53F2-415B-A322-30B324748FBE}"
EndProject
Project("{8BC9CEB8-8B4A-11D0-8D11-00A0C91BC942}") = "실습 02", "실습 2\실습 2.vcxproj", "{5EEB1F80-9E5E-40C7-8B74-3C482BFCC5CD}"
EndProject
Project("{8BC9CEB8-8B4A-11D0-8D11-00A0C91BC942}") = "실습 03", "실습 3\실습 3.vcxproj", "{979365BA-EB60-41C4-B69C-34CF500BAA8C}"
EndProject
Project("{8BC9CEB8-8B4A-11D0-8D11-00A0C91BC942}") = "실습 04", "실습 4\실습 4.vcxproj", "{E66C0815-4AA2-43A1-92FA-21333C2CC1C1}"
EndProject
Project("{8BC9CEB8-8B4A-11D0-8D11-00A0C91BC942}") = "실습 05", "실습 5\실습 5.vcxproj", "{B2E0416F-A17F-488A-84B2-29EEE3F5BC1A}"
EndProject
Project("{8BC9CEB8-8B4A-11D0-8D11-00A0C91BC942}") = "실습 06", "실습 6\실습 6.vcxproj", "{4846C9C1-D188-409F-822F-DEB7B33A4411}"
EndProject
Project("{8BC9CEB8-8B4A-11D0-8D11-00A0C91BC942}") = "실습 07", "실습7\실습7.vcxproj", "{CFA9D936-E843-4661-9E53-6FF1942B1110}"
EndProject
Project("{8BC9CEB8-8B4A-11D0-8D11-00A0C91BC942}") = "실습 08", "실습 8\실습 8.vcxproj", "{7DC7E11F-5CAA-4B91-A9FC-B8D4C35E2D8F}"
EndProject
Project("{8BC9CEB8-8B4A-11D0-8D11-00A0C91BC942}") = "실습 09", "실습 9\실습 9.vcxproj", "{D48E5EC5-3F2D-4671-A689-9128D1FC5F28}"
EndProject
Project("{8BC9CEB8-8B4A-11D0-8D11-00A0C91BC942}") = "실습 10", "실습 10\실습 10.vcxproj", "{E2002E39-37E0-4CB8-9BBF-8946DC702C4D}"
EndProject
Global
	GlobalSection(SolutionConfigurationPlatforms) = preSolution
		Debug|x64 = Debug|x64
		Debug|x86 = Debug|x86
		Release|x64 = Release|x64
		Release|x86 = Release|x86
	EndGlobalSection
	GlobalSection(ProjectConfigurationPlatforms) = postSolution
		{81A2D4C6-53F2-415B-A322-30B324748FBE}.Debug|x64.ActiveCfg = Debug|x64
		{81A2D4C6-53F2-415B-A322-30B324748FBE}.Debug|x64.Build.0 = Debug|x64
		{81A2D4C6-53F2-415B-A322-30B324748FBE}.Debug|x86.ActiveCfg = Debug|Win32
		{81A2D4C6-53F2-415B-A322-30B324748FBE}.Debug|x86.Build.0 = Debug|Win32
		{81A2D4C6-53F2-415B-A322-30B324748FBE}.Release|x64.ActiveCfg = Release|x64
		{81A2D4C6-53F2-415B-A322-30B324748FBE}.Release|x64.Build.0 = Release|x64
		{81A2D4C6-53F2-415B-A322-30B324748FBE}.Release|x86.ActiveCfg = Release|Win32
		{81A2D4C6-53F2-415B-A322-30B324748FBE}.Release|x86.Build.0 = Release|Win32
		{5EEB1F80-9E5E-40C7-8B74-3C482BFCC5CD}.Debug|x64.ActiveCfg = Debug|x64
		{5EEB1F80-9E5E-40C7-8B74-3C482BFCC5CD}.Debug|x64.Build.0 = Debug|x64
		{5EEB1F80-9E5E-40C7-8B74-3C482BFCC5CD}.Debug|x86.ActiveCfg = Debug|Win32
		{5EEB1F80-9E5E-40C7-8B74-3C482BFCC5CD}.Debug|x86.Build.0 = Debug|Win32
		{5EEB1F80-9E5E-40C7-8B74-3C482BFCC5CD}.Release|x64.ActiveCfg = Release|x64
		{5EEB1F80-9E5E-40C7-8B74-3C482BFCC5CD}.Release|x64.Build.0 = Release|x64
		{5EEB1F80-9E5E-40C7-8B74-3C482BFCC5CD}.Release|x86.ActiveCfg = Release|Win32
		{5EEB1F80-9E5E-40C7-8B74-3C482BFCC5CD}.Release|x86.Build.0 = Release|Win32
		{979365BA-EB60-41C4-B69C-34CF500BAA8C}.Debug|x64.ActiveCfg = Debug|x64
		{979365BA-EB60-41C4-B69C-34CF500BAA8C}.Debug|x64.Build.0 = Debug|x64
		{979365BA-EB60-41C4-B69C-34CF500BAA8C}.Debug|x86.ActiveCfg = Debug|Win32
		{979365BA-EB60-41C4-B69C-34CF500BAA8C}.Debug|x86.Build.0 = Debug|Win32
		{979365BA-EB60-41C4-B69C-34CF500BAA8C}.Release|x64.ActiveCfg = Release|x64
		{979365BA-EB60-41C4-B69C-34CF500BAA8C}.Release|x64.Build.0 = Release|x64
		{979365BA-EB60-41C4-B69C-34CF500BAA8C}.Release|x86.ActiveCfg = Release|Win32
		{979365BA-EB60-41C4-B69C-34CF500BAA8C}.Release|x86.Build.0 = Release|Win32
		{E66C0815-4AA2-43A1-92FA-21333C2CC1C1}.Debug|x64.ActiveCfg = Debug|x64
		{E66C0815-4AA2-43A1-92FA-21333C2CC1C1}.Debug|x64.Build.0 = Debug|x64
		{E66C0815-4AA2-43A1-92FA-21333C2CC1C1}.Debug|x86.ActiveCfg = Debug|Win32
		{E66C0815-4AA2-43A1-92FA-21333C2CC1C1}.Debug|x86.Build.0 = Debug|Win32
		{E66C0815-4AA2-43A1-92FA-21333C2CC1C1}.Release|x64.ActiveCfg = Release|x64
		{E66C0815-4AA2-43A1-92FA-21333C2CC1C1}.Release|x64.Build.0 = Release|x64
		{E66C0815-4AA2-43A1-92FA-21333C2CC1C1}.Release|x86.ActiveCfg = Release|Win32
		{E66C0815-4AA2-43A1-92FA-21333C2CC1C1}.Release|x86.Build.0 = Release|Win32
		{B2E0416F-A17F-488A-84B2-29EEE3F5BC1A}.Debug|x64.ActiveCfg = Debug|x64
		{B2E0416F-A17F-488A-84B2-29EEE3F5BC1A}.Debug|x64.Build.0 = Debug|x64
		{B2E0416F-A17F-488A-84B2-29EEE3F5BC1A}.Debug|x86.ActiveCfg = Debug|Win32
		{B2E0416F-A17F-488A-84B2-29EEE3F5BC1A}.Debug|x86.Build.0 = Debug|Win32
		{B2E0416F-A17F-488A-84B2-29EEE3F5BC1A}.Release|x64.ActiveCfg = Release|x64
		{B2E0416F-A17F-488A-84B2-29EEE3F5BC1A}.Release|x64.Build.0 = Release|x64
		{B2E0416F-A17F-488A-84B2-29EEE3F5BC1A}.Release|x86.ActiveCfg = Release|Win32
		{B2E0416F-A17F-488A-84B2-29EEE3F5BC1A}.Release|x86.Build.0 = Release|Win32
		{4846C9C1-D188-409F-822F-DEB7B33A4411}.Debug|x64.ActiveCfg = Debug|x64
		{4846C9C1-D188-409F-822F-DEB7B33A4411}.Debug|x64.Build.0 = Debug|x64
		{4846C9C1-D188-409F-822F-DEB7B33A4411}.Debug|x86.ActiveCfg = Debug|Win32
		{4846C9C1-D188-409F-822F-DEB7B33A4411}.Debug|x86.Build.0 = Debug|Win32
		{4846C9C1-D188-409F-822F-DEB7B33A4411}.Release|x64.ActiveCfg = Release|x64
		{4846C9C1-D188-409F-822F-DEB7B33A4411}.Release|x64.Build.0 = Release|x64
		{4846C9C1-D188-409F-822F-DEB7B33A4411}.Release|x86.ActiveCfg = Release|Win32
		{4846C9C1-D188-409F-822F-DEB7B33A4411}.Release|x86.Build.0 = Release|Win32
		{CFA9D936-E843-4661-9E53-6FF1942B1110}.Debug|x64.ActiveCfg = Debug|x64
		{CFA9D936-E843-4661-9E53-6FF1942B1110}.Debug|x64.Build.0 = Debug|x64
		{CFA9D936-E843-4661-9E53-6FF1942B1110}.Debug|x86.ActiveCfg = Debug|Win32
		{CFA9D936-E843-4661-9E53-6FF1942B1110}.Debug|x86.Build.0 = Debug|Win32
		{CFA9D936-E843-4661-9E53-6FF1942B1110}.Release|x64.ActiveCfg = Release|x64
		{CFA9D936-E843-4661-9E53-6FF1942B1110}.Release|x64.Build.0 = Release|x64
		{CFA9D936-E843-4661-9E53-6FF1942B1110}.Release|x86.ActiveCfg = Release|Win32
		{CFA9D936-E843-4661-9E53-6FF1942B1110}.Release|x86.Build.0 = Release|Win32
		{7DC7E11F-5CAA-4B91-A9FC-B8D4C35E2D8F}.Debug|x64.ActiveCfg = Debug|x64
		{7DC7E11F-5CAA-4B91-A9FC-B8D4C35E2D8F}.Debug|x64.Build.0 = Debug|x64
		{7DC7E11F-5CAA-4B91-A9FC-B8D4C35E2D8F}.Debug|x86.ActiveCfg = Debug|Win32
		{7DC7E11F-5CAA-4B91-A9FC-B8D4C35E2D8F}.Debug|x86.Build.0 = Debug|Win32
		{7DC7E11F-5CAA-4B91-A9FC-B8D4C35E2D8F}.Release|x64.ActiveCfg = Release|x64
		{7DC7E11F-5CAA-4B91-A9FC-B8D4C35E2D8F}.Release|x64.Build.0 = Release|x64
		{7DC7E11F-5CAA-4B91-A9FC-B8D4C35E2D8F}.Release|x86.ActiveCfg = Release|Win32
		{7DC7E11F-5CAA-4B91-A9FC-B8D4C35E2D8F}.Release|x86.Build.0 = Release|Win32
		{D48E5EC5-3F2D-4671-A689-9128D1FC5F28}.Debug|x64.ActiveCfg = Debug|x64
		{D48E5EC5-3F2D-4671-A689-9128D1FC5F28}.Debug|x64.Build.0 = Debug|x64
		{D48E5EC5-3F2D-4671-A689-9128D1FC5F28}.Debug|x86.ActiveCfg = Debug|Win32
		{D48E5EC5-3F2D-4671-A689-9128D1FC5F28}.Debug|x86.Build.0 = Debug|Win32
		{D48E5EC5-3F2D-4671-A689-9128D1FC5F28}.Release|x64.ActiveCfg = Release|x64
		{D48E5EC5-3F2D-4671-A689-9128D1FC5F28}.Release|x64.Build.0 = Release|x64
		{D48E5EC5-3F2D-4671-A689-9128D1FC5F28}.Release|x86.ActiveCfg = Release|Win32
		{D48E5EC5-3F2D-4671-A689-9128D1FC5F28}.Release|x86.Build.0 = Release|Win32
		{E2002E39-37E0-4CB8-9BBF-8946DC702C4D}.Debug|x64.ActiveCfg = Debug|x64
		{E2002E39-37E0-4CB8-9BBF-8946DC702C4D}.Debug|x64.Build.0 = Debug|x64
		{E2002E39-37E0-4CB8-9BBF-8946DC702C4D}.Debug|x86.ActiveCfg = Debug|Win32
		{E2002E39-37E0-4CB8-9BBF-8946DC702C4D}.Debug|x86.Build.0 = Debug|Win32
		{E2002E39-37E0-4CB8-9BBF-8946DC702C4D}.Release|x64.ActiveCfg = Release|x64
		{E2002E39-37E0-4CB8-9BBF-8946DC702C4D}.Release|x64.Build.0 = Release|x64
		{E2002E39-37E0-4CB8-9BBF-8946DC702C4D}.Release|x86.ActiveCfg = Release|Win32
		{E2002E39-37E0-4CB8-9BBF-8946DC702C4D}.Release|x86.Build.0 = Release|Win32
	EndGlobalSection
	GlobalSection(SolutionProperties) = preSolution
		HideSolutionNode = FALSE
	EndGlobalSection
	GlobalSection(ExtensibilityGlobals) = postSolution
		SolutionGuid = {680E63FD-AA08-4CBD-BB00-FED78578F95C}
	EndGlobalSection
EndGlobal
